lockfileVersion: '9.0'

settings:
  autoInstallPeers: true
  excludeLinksFromLockfile: false

importers:

  .:
    dependencies:
      leaflet:
        specifier: ^1.9.4
        version: 1.9.4
      lucide-react:
        specifier: ^0.563.0
        version: 0.563.0(react@19.2.4)
      react:
        specifier: ^19.2.4
        version: 19.2.4
      react-leaflet:
        specifier: ^4.2.1
        version: 4.2.1(leaflet@1.9.4)(react-dom@18.3.1(react@19.2.4))(react@19.2.4)
    devDependencies:
      '@types/leaflet':
        specifier: ^1.9.21
        version: 1.9.21

packages:

  '@react-leaflet/core@2.1.0':
    resolution: {integrity: sha512-Qk7Pfu8BSarKGqILj4x7bCSZ1pjuAPZ+qmRwH5S7mDS91VSbVVsJSrW4qA+GPrro8t69gFYVMWb1Zc4yFmPiVg==}
    peerDependencies:
      leaflet: ^1.9.0
      react: ^18.0.0
      react-dom: ^18.0.0

  '@types/geojson@7946.0.16':
    resolution: {integrity: sha512-6C8nqWur3j98U6+lXDfTUWIfgvZU+EumvpHKcYjujKH7woYyLj2sUmff0tRhrqM7BohUw7Pz3ZB1jj2gW9Fvmg==}

  '@types/leaflet@1.9.21':
    resolution: {integrity: sha512-TbAd9DaPGSnzp6QvtYngntMZgcRk+igFELwR2N99XZn7RXUdKgsXMR+28bUO0rPsWp8MIu/f47luLIQuSLYv/w==}

  js-tokens@4.0.0:
    resolution: {integrity: sha512-RdJUflcE3cUzKiMqQgsCu06FPu9UdIJO0beYbPhHN4k6apgJtifcoCtT9bcxOpYBtpD2kCM6Sbzg4CausW/PKQ==}

  leaflet@1.9.4:
    resolution: {integrity: sha512-nxS1ynzJOmOlHp+iL3FyWqK89GtNL8U8rvlMOsQdTTssxZwCXh8N2NB3GDQOL+YR3XnWyZAxwQixURb+FA74PA==}

  loose-envify@1.4.0:
    resolution: {integrity: sha512-lyuxPGr/Wfhrlem2CL/UcnUc1zcqKAImBDzukY7Y5F/yQiNdko6+fRLevlw1HgMySw7f611UIY408EtxRSoK3Q==}
    hasBin: true

  lucide-react@0.563.0:
    resolution: {integrity: sha512-8dXPB2GI4dI8jV4MgUDGBeLdGk8ekfqVZ0BdLcrRzocGgG75ltNEmWS+gE7uokKF/0oSUuczNDT+g9hFJ23FkA==}
    peerDependencies:
      react: ^16.5.1 || ^17.0.0 || ^18.0.0 || ^19.0.0

  react-dom@18.3.1:
    resolution: {integrity: sha512-5m4nQKp+rZRb09LNH59GM4BxTh9251/ylbKIbpe7TpGxfJ+9kv6BLkLBXIjjspbgbnIBNqlI23tRnTWT0snUIw==}
    peerDependencies:
      react: ^18.3.1

  react-leaflet@4.2.1:
    resolution: {integrity: sha512-p9chkvhcKrWn/H/1FFeVSqLdReGwn2qmiobOQGO3BifX+/vV/39qhY8dGqbdcPh1e6jxh/QHriLXr7a4eLFK4Q==}
    peerDependencies:
      leaflet: ^1.9.0
      react: ^18.0.0
      react-dom: ^18.0.0

  react@19.2.4:
    resolution: {integrity: sha512-9nfp2hYpCwOjAN+8TZFGhtWEwgvWHXqESH8qT89AT/lWklpLON22Lc8pEtnpsZz7VmawabSU0gCjnj8aC0euHQ==}
    engines: {node: '>=0.10.0'}

  scheduler@0.23.2:
    resolution: {integrity: sha512-UOShsPwz7NrMUqhR6t0hWjFduvOzbtv7toDH1/hIrfRNIDBnnBWd0CwJTGvTpngVlmwGCdP9/Zl/tVrDqcuYzQ==}

snapshots:

  '@react-leaflet/core@2.1.0(leaflet@1.9.4)(react-dom@18.3.1(react@19.2.4))(react@19.2.4)':
    dependencies:
      leaflet: 1.9.4
      react: 19.2.4
      react-dom: 18.3.1(react@19.2.4)

  '@types/geojson@7946.0.16': {}

  '@types/leaflet@1.9.21':
    dependencies:
      '@types/geojson': 7946.0.16

  js-tokens@4.0.0: {}

  leaflet@1.9.4: {}

  loose-envify@1.4.0:
    dependencies:
      js-tokens: 4.0.0

  lucide-react@0.563.0(react@19.2.4):
    dependencies:
      react: 19.2.4

  react-dom@18.3.1(react@19.2.4):
    dependencies:
      loose-envify: 1.4.0
      react: 19.2.4
      scheduler: 0.23.2

  react-leaflet@4.2.1(leaflet@1.9.4)(react-dom@18.3.1(react@19.2.4))(react@19.2.4):
    dependencies:
      '@react-leaflet/core': 2.1.0(leaflet@1.9.4)(react-dom@18.3.1(react@19.2.4))(react@19.2.4)
      leaflet: 1.9.4
      react: 19.2.4
      react-dom: 18.3.1(react@19.2.4)

  react@19.2.4: {}

  scheduler@0.23.2:
    dependencies:
      loose-envify: 1.4.0
